
Microsoft Visual Studio Solution File, Format Version 12.00
# Visual Studio 2013
VisualStudioVersion = 12.0.31101.0
MinimumVisualStudioVersion = 10.0.40219.1
Project("{FAE04EC0-301F-11D3-BF4B-00C04F79EFBC}") = "1.School", "1.School\1.School.csproj", "{4C8DA834-912E-4EA9-8F33-41C24F316141}"
EndProject
Project("{FAE04EC0-301F-11D3-BF4B-00C04F79EFBC}") = "2.HumanStudentandWorker", "2.HumanStudentandWorker\2.HumanStudentandWorker.csproj", "{B2B26303-5865-4ADE-A598-D8440DBB9F36}"
EndProject
Project("{FAE04EC0-301F-11D3-BF4B-00C04F79EFBC}") = "3.Animals", "3.Animals\3.Animals.csproj", "{D44EDE94-FD22-47E9-BC46-698746A727F1}"
EndProject
Project("{FAE04EC0-301F-11D3-BF4B-00C04F79EFBC}") = "4.CompanyHierarchy", "4.CompanyHierarchy\4.CompanyHierarchy.csproj", "{E4160A99-038D-4964-A3AC-43407471B2B5}"
EndProject
Global
	GlobalSection(SolutionConfigurationPlatforms) = preSolution
		Debug|Any CPU = Debug|Any CPU
		Release|Any CPU = Release|Any CPU
	EndGlobalSection
	GlobalSection(ProjectConfigurationPlatforms) = postSolution
		{4C8DA834-912E-4EA9-8F33-41C24F316141}.Debug|Any CPU.ActiveCfg = Debug|Any CPU
		{4C8DA834-912E-4EA9-8F33-41C24F316141}.Debug|Any CPU.Build.0 = Debug|Any CPU
		{4C8DA834-912E-4EA9-8F33-41C24F316141}.Release|Any CPU.ActiveCfg = Release|Any CPU
		{4C8DA834-912E-4EA9-8F33-41C24F316141}.Release|Any CPU.Build.0 = Release|Any CPU
		{B2B26303-5865-4ADE-A598-D8440DBB9F36}.Debug|Any CPU.ActiveCfg = Debug|Any CPU
		{B2B26303-5865-4ADE-A598-D8440DBB9F36}.Debug|Any CPU.Build.0 = Debug|Any CPU
		{B2B26303-5865-4ADE-A598-D8440DBB9F36}.Release|Any CPU.ActiveCfg = Release|Any CPU
		{B2B26303-5865-4ADE-A598-D8440DBB9F36}.Release|Any CPU.Build.0 = Release|Any CPU
		{D44EDE94-FD22-47E9-BC46-698746A727F1}.Debug|Any CPU.ActiveCfg = Debug|Any CPU
		{D44EDE94-FD22-47E9-BC46-698746A727F1}.Debug|Any CPU.Build.0 = Debug|Any CPU
		{D44EDE94-FD22-47E9-BC46-698746A727F1}.Release|Any CPU.ActiveCfg = Release|Any CPU
		{D44EDE94-FD22-47E9-BC46-698746A727F1}.Release|Any CPU.Build.0 = Release|Any CPU
		{E4160A99-038D-4964-A3AC-43407471B2B5}.Debug|Any CPU.ActiveCfg = Debug|Any CPU
		{E4160A99-038D-4964-A3AC-43407471B2B5}.Debug|Any CPU.Build.0 = Debug|Any CPU
		{E4160A99-038D-4964-A3AC-43407471B2B5}.Release|Any CPU.ActiveCfg = Release|Any CPU
		{E4160A99-038D-4964-A3AC-43407471B2B5}.Release|Any CPU.Build.0 = Release|Any CPU
	EndGlobalSection
	GlobalSection(SolutionProperties) = preSolution
		HideSolutionNode = FALSE
	EndGlobalSection
EndGlobal
